{
  "name": "micro-FED",
  "lockfileVersion": 3,
  "requires": true,
  "packages": {
    "": {
      "dependencies": {
        "single-spa": "^6.0.3"
      }
    },
    "node_modules/single-spa": {
      "version": "6.0.3",
      "resolved": "https://registry.npmjs.org/single-spa/-/single-spa-6.0.3.tgz",
      "integrity": "sha512-pXlwHXHhs3hx/MnGQHBLdFCVAN2rlm9TLBKazbDMyZ25QRxoen2vlUZ47MyXKa9K8Gd5UZs/gkuQad4TGbViwg=="
    }
  }
}
